
Microsoft Visual Studio Solution File, Format Version 12.00
# Visual Studio Version 17
VisualStudioVersion = 17.2.32630.192
MinimumVisualStudioVersion = 10.0.40219.1
Project("{FAE04EC0-301F-11D3-BF4B-00C04F79EFBC}") = "Skill_Tracker", "Skill_Tracker.csproj", "{31FC9482-7F41-4043-81A6-9A8E9C7238FD}"
EndProject
Global
	GlobalSection(SolutionConfigurationPlatforms) = preSolution
		Debug|Any CPU = Debug|Any CPU
		Release|Any CPU = Release|Any CPU
	EndGlobalSection
	GlobalSection(ProjectConfigurationPlatforms) = postSolution
		{31FC9482-7F41-4043-81A6-9A8E9C7238FD}.Debug|Any CPU.ActiveCfg = Debug|Any CPU
		{31FC9482-7F41-4043-81A6-9A8E9C7238FD}.Debug|Any CPU.Build.0 = Debug|Any CPU
		{31FC9482-7F41-4043-81A6-9A8E9C7238FD}.Release|Any CPU.ActiveCfg = Release|Any CPU
		{31FC9482-7F41-4043-81A6-9A8E9C7238FD}.Release|Any CPU.Build.0 = Release|Any CPU
	EndGlobalSection
	GlobalSection(SolutionProperties) = preSolution
		HideSolutionNode = FALSE
	EndGlobalSection
	GlobalSection(ExtensibilityGlobals) = postSolution
		SolutionGuid = {01314508-137F-41E8-8251-120DE344F659}
	EndGlobalSection
EndGlobal
